// !$*UTF8*$!
{
	archiveVersion = 1;
	classes = {
	};
	objectVersion = 56;
	objects = {

/* Begin PBXBuildFile section */
		FCAF53BA28DCF08D00DEB306 /* Blood_Pressure_RecorderApp.swift in Sources */ = {isa = PBXBuildFile; fileRef = FCAF53B928DCF08D00DEB306 /* Blood_Pressure_RecorderApp.swift */; };
		FCAF53BC28DCF08D00DEB306 /* ContentView.swift in Sources */ = {isa = PBXBuildFile; fileRef = FCAF53BB28DCF08D00DEB306 /* ContentView.swift */; };
		FCAF53BE28DCF08F00DEB306 /* Assets.xcassets in Resources */ = {isa = PBXBuildFile; fileRef = FCAF53BD28DCF08F00DEB306 /* Assets.xcassets */; };
		FCAF53C128DCF08F00DEB306 /* Preview Assets.xcassets in Resources */ = {isa = PBXBuildFile; fileRef = FCAF53C028DCF08F00DEB306 /* Preview Assets.xcassets */; };
		FCAF53CB28DCF08F00DEB306 /* Blood_Pressure_RecorderTests.swift in Sources */ = {isa = PBXBuildFile; fileRef = FCAF53CA28DCF08F00DEB306 /* Blood_Pressure_RecorderTests.swift */; };
		FCAF53D528DCF08F00DEB306 /* Blood_Pressure_RecorderUITests.swift in Sources */ = {isa = PBXBuildFile; fileRef = FCAF53D428DCF08F00DEB306 /* Blood_Pressure_RecorderUITests.swift */; };
		FCAF53D728DCF08F00DEB306 /* Blood_Pressure_RecorderUITestsLaunchTests.swift in Sources */ = {isa = PBXBuildFile; fileRef = FCAF53D628DCF08F00DEB306 /* Blood_Pressure_RecorderUITestsLaunchTests.swift */; };
/* End PBXBuildFile section */

/* Begin PBXContainerItemProxy section */
		FCAF53C728DCF08F00DEB306 /* PBXContainerItemProxy */ = {
			isa = PBXContainerItemProxy;
			containerPortal = FCAF53AE28DCF08D00DEB306 /* Project object */;
			proxyType = 1;
			remoteGlobalIDString = FCAF53B528DCF08D00DEB306;
			remoteInfo = "Blood Pressure Recorder";
		};
		FCAF53D128DCF08F00DEB306 /* PBXContainerItemProxy */ = {
			isa = PBXContainerItemProxy;
			containerPortal = FCAF53AE28DCF08D00DEB306 /* Project object */;
			proxyType = 1;
			remoteGlobalIDString = FCAF53B528DCF08D00DEB306;
			remoteInfo = "Blood Pressure Recorder";
		};
/* End PBXContainerItemProxy section */

/* Begin PBXFileReference section */
		FCAF53B628DCF08D00DEB306 /* Blood Pressure Recorder.app */ = {isa = PBXFileReference; explicitFileType = wrapper.application; includeInIndex = 0; path = "Blood Pressure Recorder.app"; sourceTree = BUILT_PRODUCTS_DIR; };
		FCAF53B928DCF08D00DEB306 /* Blood_Pressure_RecorderApp.swift */ = {isa = PBXFileReference; lastKnownFileType = sourcecode.swift; path = Blood_Pressure_RecorderApp.swift; sourceTree = "<group>"; };
		FCAF53BB28DCF08D00DEB306 /* ContentView.swift */ = {isa = PBXFileReference; lastKnownFileType = sourcecode.swift; path = ContentView.swift; sourceTree = "<group>"; };
		FCAF53BD28DCF08F00DEB306 /* Assets.xcassets */ = {isa = PBXFileReference; lastKnownFileType = folder.assetcatalog; path = Assets.xcassets; sourceTree = "<group>"; };
		FCAF53C028DCF08F00DEB306 /* Preview Assets.xcassets */ = {isa = PBXFileReference; lastKnownFileType = folder.assetcatalog; path = "Preview Assets.xcassets"; sourceTree = "<group>"; };
		FCAF53C628DCF08F00DEB306 /* Blood Pressure RecorderTests.xctest */ = {isa = PBXFileReference; explicitFileType = wrapper.cfbundle; includeInIndex = 0; path = "Blood Pressure RecorderTests.xctest"; sourceTree = BUILT_PRODUCTS_DIR; };
		FCAF53CA28DCF08F00DEB306 /* Blood_Pressure_RecorderTests.swift */ = {isa = PBXFileReference; lastKnownFileType = sourcecode.swift; path = Blood_Pressure_RecorderTests.swift; sourceTree = "<group>"; };
		FCAF53D028DCF08F00DEB306 /* Blood Pressure RecorderUITests.xctest */ = {isa = PBXFileReference; explicitFileType = wrapper.cfbundle; includeInIndex = 0; path = "Blood Pressure RecorderUITests.xctest"; sourceTree = BUILT_PRODUCTS_DIR; };
		FCAF53D428DCF08F00DEB306 /* Blood_Pressure_RecorderUITests.swift */ = {isa = PBXFileReference; lastKnownFileType = sourcecode.swift; path = Blood_Pressure_RecorderUITests.swift; sourceTree = "<group>"; };
		FCAF53D628DCF08F00DEB306 /* Blood_Pressure_RecorderUITestsLaunchTests.swift */ = {isa = PBXFileReference; lastKnownFileType = sourcecode.swift; path = Blood_Pressure_RecorderUITestsLaunchTests.swift; sourceTree = "<group>"; };
/* End PBXFileReference section */

/* Begin PBXFrameworksBuildPhase section */
		FCAF53B328DCF08D00DEB306 /* Frameworks */ = {
			isa = PBXFrameworksBuildPhase;
			buildActionMask = 2147483647;
			files = (
			);
			runOnlyForDeploymentPostprocessing = 0;
		};
		FCAF53C328DCF08F00DEB306 /* Frameworks */ = {
			isa = PBXFrameworksBuildPhase;
			buildActionMask = 2147483647;
			files = (
			);
			runOnlyForDeploymentPostprocessing = 0;
		};
		FCAF53CD28DCF08F00DEB306 /* Frameworks */ = {
			isa = PBXFrameworksBuildPhase;
			buildActionMask = 2147483647;
			files = (
			);
			runOnlyForDeploymentPostprocessing = 0;
		};
/* End PBXFrameworksBuildPhase section */

/* Begin PBXGroup section */
		FCAF53AD28DCF08D00DEB306 = {
			isa = PBXGroup;
			children = (
				FCAF53B828DCF08D00DEB306 /* Blood Pressure Recorder */,
				FCAF53C928DCF08F00DEB306 /* Blood Pressure RecorderTests */,
				FCAF53D328DCF08F00DEB306 /* Blood Pressure RecorderUITests */,
				FCAF53B728DCF08D00DEB306 /* Products */,
			);
			sourceTree = "<group>";
		};
		FCAF53B728DCF08D00DEB306 /* Products */ = {
			isa = PBXGroup;
			children = (
				FCAF53B628DCF08D00DEB306 /* Blood Pressure Recorder.app */,
				FCAF53C628DCF08F00DEB306 /* Blood Pressure RecorderTests.xctest */,
				FCAF53D028DCF08F00DEB306 /* Blood Pressure RecorderUITests.xctest */,
			);
			name = Products;
			sourceTree = "<group>";
		};
		FCAF53B828DCF08D00DEB306 /* Blood Pressure Recorder */ = {
			isa = PBXGroup;
			children = (
				FCAF53B928DCF08D00DEB306 /* Blood_Pressure_RecorderApp.swift */,
				FCAF53BB28DCF08D00DEB306 /* ContentView.swift */,
				FCAF53BD28DCF08F00DEB306 /* Assets.xcassets */,
				FCAF53BF28DCF08F00DEB306 /* Preview Content */,
			);
			path = "Blood Pressure Recorder";
			sourceTree = "<group>";
		};
		FCAF53BF28DCF08F00DEB306 /* Preview Content */ = {
			isa = PBXGroup;
			children = (
				FCAF53C028DCF08F00DEB306 /* Preview Assets.xcassets */,
			);
			path = "Preview Content";
			sourceTree = "<group>";
		};
		FCAF53C928DCF08F00DEB306 /* Blood Pressure RecorderTests */ = {
			isa = PBXGroup;
			children = (
				FCAF53CA28DCF08F00DEB306 /* Blood_Pressure_RecorderTests.swift */,
			);
			path = "Blood Pressure RecorderTests";
			sourceTree = "<group>";
		};
		FCAF53D328DCF08F00DEB306 /* Blood Pressure RecorderUITests */ = {
			isa = PBXGroup;
			children = (
				FCAF53D428DCF08F00DEB306 /* Blood_Pressure_RecorderUITests.swift */,
				FCAF53D628DCF08F00DEB306 /* Blood_Pressure_RecorderUITestsLaunchTests.swift */,
			);
			path = "Blood Pressure RecorderUITests";
			sourceTree = "<group>";
		};
/* End PBXGroup section */

/* Begin PBXNativeTarget section */
		FCAF53B528DCF08D00DEB306 /* Blood Pressure Recorder */ = {
			isa = PBXNativeTarget;
			buildConfigurationList = FCAF53DA28DCF08F00DEB306 /* Build configuration list for PBXNativeTarget "Blood Pressure Recorder" */;
			buildPhases = (
				FCAF53B228DCF08D00DEB306 /* Sources */,
				FCAF53B328DCF08D00DEB306 /* Frameworks */,
				FCAF53B428DCF08D00DEB306 /* Resources */,
			);
			buildRules = (
			);
			dependencies = (
			);
			name = "Blood Pressure Recorder";
			productName = "Blood Pressure Recorder";
			productReference = FCAF53B628DCF08D00DEB306 /* Blood Pressure Recorder.app */;
			productType = "com.apple.product-type.application";
		};
		FCAF53C528DCF08F00DEB306 /* Blood Pressure RecorderTests */ = {
			isa = PBXNativeTarget;
			buildConfigurationList = FCAF53DD28DCF08F00DEB306 /* Build configuration list for PBXNativeTarget "Blood Pressure RecorderTests" */;
			buildPhases = (
				FCAF53C228DCF08F00DEB306 /* Sources */,
				FCAF53C328DCF08F00DEB306 /* Frameworks */,
				FCAF53C428DCF08F00DEB306 /* Resources */,
			);
			buildRules = (
			);
			dependencies = (
				FCAF53C828DCF08F00DEB306 /* PBXTargetDependency */,
			);
			name = "Blood Pressure RecorderTests";
			productName = "Blood Pressure RecorderTests";
			productReference = FCAF53C628DCF08F00DEB306 /* Blood Pressure RecorderTests.xctest */;
			productType = "com.apple.product-type.bundle.unit-test";
		};
		FCAF53CF28DCF08F00DEB306 /* Blood Pressure RecorderUITests */ = {
			isa = PBXNativeTarget;
			buildConfigurationList = FCAF53E028DCF08F00DEB306 /* Build configuration list for PBXNativeTarget "Blood Pressure RecorderUITests" */;
			buildPhases = (
				FCAF53CC28DCF08F00DEB306 /* Sources */,
				FCAF53CD28DCF08F00DEB306 /* Frameworks */,
				FCAF53CE28DCF08F00DEB306 /* Resources */,
			);
			buildRules = (
			);
			dependencies = (
				FCAF53D228DCF08F00DEB306 /* PBXTargetDependency */,
			);
			name = "Blood Pressure RecorderUITests";
			productName = "Blood Pressure RecorderUITests";
			productReference = FCAF53D028DCF08F00DEB306 /* Blood Pressure RecorderUITests.xctest */;
			productType = "com.apple.product-type.bundle.ui-testing";
		};
/* End PBXNativeTarget section */

/* Begin PBXProject section */
		FCAF53AE28DCF08D00DEB306 /* Project object */ = {
			isa = PBXProject;
			attributes = {
				BuildIndependentTargetsInParallel = 1;
				LastSwiftUpdateCheck = 1400;
				LastUpgradeCheck = 1400;
				TargetAttributes = {
					FCAF53B528DCF08D00DEB306 = {
						CreatedOnToolsVersion = 14.0;
					};
					FCAF53C528DCF08F00DEB306 = {
						CreatedOnToolsVersion = 14.0;
						TestTargetID = FCAF53B528DCF08D00DEB306;
					};
					FCAF53CF28DCF08F00DEB306 = {
						CreatedOnToolsVersion = 14.0;
						TestTargetID = FCAF53B528DCF08D00DEB306;
					};
				};
			};
			buildConfigurationList = FCAF53B128DCF08D00DEB306 /* Build configuration list for PBXProject "Blood Pressure Recorder" */;
			compatibilityVersion = "Xcode 14.0";
			developmentRegion = en;
			hasScannedForEncodings = 0;
			knownRegions = (
				en,
				Base,
			);
			mainGroup = FCAF53AD28DCF08D00DEB306;
			productRefGroup = FCAF53B728DCF08D00DEB306 /* Products */;
			projectDirPath = "";
			projectRoot = "";
			targets = (
				FCAF53B528DCF08D00DEB306 /* Blood Pressure Recorder */,
				FCAF53C528DCF08F00DEB306 /* Blood Pressure RecorderTests */,
				FCAF53CF28DCF08F00DEB306 /* Blood Pressure RecorderUITests */,
			);
		};
/* End PBXProject section */

/* Begin PBXResourcesBuildPhase section */
		FCAF53B428DCF08D00DEB306 /* Resources */ = {
			isa = PBXResourcesBuildPhase;
			buildActionMask = 2147483647;
			files = (
				FCAF53C128DCF08F00DEB306 /* Preview Assets.xcassets in Resources */,
				FCAF53BE28DCF08F00DEB306 /* Assets.xcassets in Resources */,
			);
			runOnlyForDeploymentPostprocessing = 0;
		};
		FCAF53C428DCF08F00DEB306 /* Resources */ = {
			isa = PBXResourcesBuildPhase;
			buildActionMask = 2147483647;
			files = (
			);
			runOnlyForDeploymentPostprocessing = 0;
		};
		FCAF53CE28DCF08F00DEB306 /* Resources */ = {
			isa = PBXResourcesBuildPhase;
			buildActionMask = 2147483647;
			files = (
			);
			runOnlyForDeploymentPostprocessing = 0;
		};
/* End PBXResourcesBuildPhase section */

/* Begin PBXSourcesBuildPhase section */
		FCAF53B228DCF08D00DEB306 /* Sources */ = {
			isa = PBXSourcesBuildPhase;
			buildActionMask = 2147483647;
			files = (
				FCAF53BC28DCF08D00DEB306 /* ContentView.swift in Sources */,
				FCAF53BA28DCF08D00DEB306 /* Blood_Pressure_RecorderApp.swift in Sources */,
			);
			runOnlyForDeploymentPostprocessing = 0;
		};
		FCAF53C228DCF08F00DEB306 /* Sources */ = {
			isa = PBXSourcesBuildPhase;
			buildActionMask = 2147483647;
			files = (
				FCAF53CB28DCF08F00DEB306 /* Blood_Pressure_RecorderTests.swift in Sources */,
			);
			runOnlyForDeploymentPostprocessing = 0;
		};
		FCAF53CC28DCF08F00DEB306 /* Sources */ = {
			isa = PBXSourcesBuildPhase;
			buildActionMask = 2147483647;
			files = (
				FCAF53D728DCF08F00DEB306 /* Blood_Pressure_RecorderUITestsLaunchTests.swift in Sources */,
				FCAF53D528DCF08F00DEB306 /* Blood_Pressure_RecorderUITests.swift in Sources */,
			);
			runOnlyForDeploymentPostprocessing = 0;
		};
/* End PBXSourcesBuildPhase section */

/* Begin PBXTargetDependency section */
		FCAF53C828DCF08F00DEB306 /* PBXTargetDependency */ = {
			isa = PBXTargetDependency;
			target = FCAF53B528DCF08D00DEB306 /* Blood Pressure Recorder */;
			targetProxy = FCAF53C728DCF08F00DEB306 /* PBXContainerItemProxy */;
		};
		FCAF53D228DCF08F00DEB306 /* PBXTargetDependency */ = {
			isa = PBXTargetDependency;
			target = FCAF53B528DCF08D00DEB306 /* Blood Pressure Recorder */;
			targetProxy = FCAF53D128DCF08F00DEB306 /* PBXContainerItemProxy */;
		};
/* End PBXTargetDependency section */

/* Begin XCBuildConfiguration section */
		FCAF53D828DCF08F00DEB306 /* Debug */ = {
			isa = XCBuildConfiguration;
			buildSettings = {
				ALWAYS_SEARCH_USER_PATHS = NO;
				CLANG_ANALYZER_NONNULL = YES;
				CLANG_ANALYZER_NUMBER_OBJECT_CONVERSION = YES_AGGRESSIVE;
				CLANG_CXX_LANGUAGE_STANDARD = "gnu++20";
				CLANG_ENABLE_MODULES = YES;
				CLANG_ENABLE_OBJC_ARC = YES;
				CLANG_ENABLE_OBJC_WEAK = YES;
				CLANG_WARN_BLOCK_CAPTURE_AUTORELEASING = YES;
				CLANG_WARN_BOOL_CONVERSION = YES;
				CLANG_WARN_COMMA = YES;
				CLANG_WARN_CONSTANT_CONVERSION = YES;
				CLANG_WARN_DEPRECATED_OBJC_IMPLEMENTATIONS = YES;
				CLANG_WARN_DIRECT_OBJC_ISA_USAGE = YES_ERROR;
				CLANG_WARN_DOCUMENTATION_COMMENTS = YES;
				CLANG_WARN_EMPTY_BODY = YES;
				CLANG_WARN_ENUM_CONVERSION = YES;
				CLANG_WARN_INFINITE_RECURSION = YES;
				CLANG_WARN_INT_CONVERSION = YES;
				CLANG_WARN_NON_LITERAL_NULL_CONVERSION = YES;
				CLANG_WARN_OBJC_IMPLICIT_RETAIN_SELF = YES;
				CLANG_WARN_OBJC_LITERAL_CONVERSION = YES;
				CLANG_WARN_OBJC_ROOT_CLASS = YES_ERROR;
				CLANG_WARN_QUOTED_INCLUDE_IN_FRAMEWORK_HEADER = YES;
				CLANG_WARN_RANGE_LOOP_ANALYSIS = YES;
				CLANG_WARN_STRICT_PROTOTYPES = YES;
				CLANG_WARN_SUSPICIOUS_MOVE = YES;
				CLANG_WARN_UNGUARDED_AVAILABILITY = YES_AGGRESSIVE;
				CLANG_WARN_UNREACHABLE_CODE = YES;
				CLANG_WARN__DUPLICATE_METHOD_MATCH = YES;
				COPY_PHASE_STRIP = NO;
				DEBUG_INFORMATION_FORMAT = dwarf;
				ENABLE_STRICT_OBJC_MSGSEND = YES;
				ENABLE_TESTABILITY = YES;
				GCC_C_LANGUAGE_STANDARD = gnu11;
				GCC_DYNAMIC_NO_PIC = NO;
				GCC_NO_COMMON_BLOCKS = YES;
				GCC_OPTIMIZATION_LEVEL = 0;
				GCC_PREPROCESSOR_DEFINITIONS = (
					"DEBUG=1",
					"$(inherited)",
				);
				GCC_WARN_64_TO_32_BIT_CONVERSION = YES;
				GCC_WARN_ABOUT_RETURN_TYPE = YES_ERROR;
				GCC_WARN_UNDECLARED_SELECTOR = YES;
				GCC_WARN_UNINITIALIZED_AUTOS = YES_AGGRESSIVE;
				GCC_WARN_UNUSED_FUNCTION = YES;
				GCC_WARN_UNUSED_VARIABLE = YES;
				IPHONEOS_DEPLOYMENT_TARGET = 16.0;
				MTL_ENABLE_DEBUG_INFO = INCLUDE_SOURCE;
				MTL_FAST_MATH = YES;
				ONLY_ACTIVE_ARCH = YES;
				SDKROOT = iphoneos;
				SWIFT_ACTIVE_COMPILATION_CONDITIONS = DEBUG;
				SWIFT_OPTIMIZATION_LEVEL = "-Onone";
			};
			name = Debug;
		};
		FCAF53D928DCF08F00DEB306 /* Release */ = {
			isa = XCBuildConfiguration;
			buildSettings = {
				ALWAYS_SEARCH_USER_PATHS = NO;
				CLANG_ANALYZER_NONNULL = YES;
				CLANG_ANALYZER_NUMBER_OBJECT_CONVERSION = YES_AGGRESSIVE;
				CLANG_CXX_LANGUAGE_STANDARD = "gnu++20";
				CLANG_ENABLE_MODULES = YES;
				CLANG_ENABLE_OBJC_ARC = YES;
				CLANG_ENABLE_OBJC_WEAK = YES;
				CLANG_WARN_BLOCK_CAPTURE_AUTORELEASING = YES;
				CLANG_WARN_BOOL_CONVERSION = YES;
				CLANG_WARN_COMMA = YES;
				CLANG_WARN_CONSTANT_CONVERSION = YES;
				CLANG_WARN_DEPRECATED_OBJC_IMPLEMENTATIONS = YES;
				CLANG_WARN_DIRECT_OBJC_ISA_USAGE = YES_ERROR;
				CLANG_WARN_DOCUMENTATION_COMMENTS = YES;
				CLANG_WARN_EMPTY_BODY = YES;
				CLANG_WARN_ENUM_CONVERSION = YES;
				CLANG_WARN_INFINITE_RECURSION = YES;
				CLANG_WARN_INT_CONVERSION = YES;
				CLANG_WARN_NON_LITERAL_NULL_CONVERSION = YES;
				CLANG_WARN_OBJC_IMPLICIT_RETAIN_SELF = YES;
				CLANG_WARN_OBJC_LITERAL_CONVERSION = YES;
				CLANG_WARN_OBJC_ROOT_CLASS = YES_ERROR;
				CLANG_WARN_QUOTED_INCLUDE_IN_FRAMEWORK_HEADER = YES;
				CLANG_WARN_RANGE_LOOP_ANALYSIS = YES;
				CLANG_WARN_STRICT_PROTOTYPES = YES;
				CLANG_WARN_SUSPICIOUS_MOVE = YES;
				CLANG_WARN_UNGUARDED_AVAILABILITY = YES_AGGRESSIVE;
				CLANG_WARN_UNREACHABLE_CODE = YES;
				CLANG_WARN__DUPLICATE_METHOD_MATCH = YES;
				COPY_PHASE_STRIP = NO;
				DEBUG_INFORMATION_FORMAT = "dwarf-with-dsym";
				ENABLE_NS_ASSERTIONS = NO;
				ENABLE_STRICT_OBJC_MSGSEND = YES;
				GCC_C_LANGUAGE_STANDARD = gnu11;
				GCC_NO_COMMON_BLOCKS = YES;
				GCC_WARN_64_TO_32_BIT_CONVERSION = YES;
				GCC_WARN_ABOUT_RETURN_TYPE = YES_ERROR;
				GCC_WARN_UNDECLARED_SELECTOR = YES;
				GCC_WARN_UNINITIALIZED_AUTOS = YES_AGGRESSIVE;
				GCC_WARN_UNUSED_FUNCTION = YES;
				GCC_WARN_UNUSED_VARIABLE = YES;
				IPHONEOS_DEPLOYMENT_TARGET = 16.0;
				MTL_ENABLE_DEBUG_INFO = NO;
				MTL_FAST_MATH = YES;
				SDKROOT = iphoneos;
				SWIFT_COMPILATION_MODE = wholemodule;
				SWIFT_OPTIMIZATION_LEVEL = "-O";
				VALIDATE_PRODUCT = YES;
			};
			name = Release;
		};
		FCAF53DB28DCF08F00DEB306 /* Debug */ = {
			isa = XCBuildConfiguration;
			buildSettings = {
				ASSETCATALOG_COMPILER_APPICON_NAME = AppIcon;
				ASSETCATALOG_COMPILER_GLOBAL_ACCENT_COLOR_NAME = AccentColor;
				CODE_SIGN_STYLE = Automatic;
				CURRENT_PROJECT_VERSION = 1;
				DEVELOPMENT_ASSET_PATHS = "\"Blood Pressure Recorder/Preview Content\"";
				ENABLE_PREVIEWS = YES;
				GENERATE_INFOPLIST_FILE = YES;
				INFOPLIST_KEY_UIApplicationSceneManifest_Generation = YES;
				INFOPLIST_KEY_UIApplicationSupportsIndirectInputEvents = YES;
				INFOPLIST_KEY_UILaunchScreen_Generation = YES;
				INFOPLIST_KEY_UISupportedInterfaceOrientations_iPad = "UIInterfaceOrientationPortrait UIInterfaceOrientationPortraitUpsideDown UIInterfaceOrientationLandscapeLeft UIInterfaceOrientationLandscapeRight";
				INFOPLIST_KEY_UISupportedInterfaceOrientations_iPhone = "UIInterfaceOrientationPortrait UIInterfaceOrientationLandscapeLeft UIInterfaceOrientationLandscapeRight";
				LD_RUNPATH_SEARCH_PATHS = (
					"$(inherited)",
					"@executable_path/Frameworks",
				);
				MARKETING_VERSION = 1.0;
				PRODUCT_BUNDLE_IDENTIFIER = "com.ashfaq.Blood-Pressure-Recorder";
				PRODUCT_NAME = "$(TARGET_NAME)";
				SWIFT_EMIT_LOC_STRINGS = YES;
				SWIFT_VERSION = 5.0;
				TARGETED_DEVICE_FAMILY = "1,2";
			};
			name = Debug;
		};
		FCAF53DC28DCF08F00DEB306 /* Release */ = {
			isa = XCBuildConfiguration;
			buildSettings = {
				ASSETCATALOG_COMPILER_APPICON_NAME = AppIcon;
				ASSETCATALOG_COMPILER_GLOBAL_ACCENT_COLOR_NAME = AccentColor;
				CODE_SIGN_STYLE = Automatic;
				CURRENT_PROJECT_VERSION = 1;
				DEVELOPMENT_ASSET_PATHS = "\"Blood Pressure Recorder/Preview Content\"";
				ENABLE_PREVIEWS = YES;
				GENERATE_INFOPLIST_FILE = YES;
				INFOPLIST_KEY_UIApplicationSceneManifest_Generation = YES;
				INFOPLIST_KEY_UIApplicationSupportsIndirectInputEvents = YES;
				INFOPLIST_KEY_UILaunchScreen_Generation = YES;
				INFOPLIST_KEY_UISupportedInterfaceOrientations_iPad = "UIInterfaceOrientationPortrait UIInterfaceOrientationPortraitUpsideDown UIInterfaceOrientationLandscapeLeft UIInterfaceOrientationLandscapeRight";
				INFOPLIST_KEY_UISupportedInterfaceOrientations_iPhone = "UIInterfaceOrientationPortrait UIInterfaceOrientationLandscapeLeft UIInterfaceOrientationLandscapeRight";
				LD_RUNPATH_SEARCH_PATHS = (
					"$(inherited)",
					"@executable_path/Frameworks",
				);
				MARKETING_VERSION = 1.0;
				PRODUCT_BUNDLE_IDENTIFIER = "com.ashfaq.Blood-Pressure-Recorder";
				PRODUCT_NAME = "$(TARGET_NAME)";
				SWIFT_EMIT_LOC_STRINGS = YES;
				SWIFT_VERSION = 5.0;
				TARGETED_DEVICE_FAMILY = "1,2";
			};
			name = Release;
		};
		FCAF53DE28DCF08F00DEB306 /* Debug */ = {
			isa = XCBuildConfiguration;
			buildSettings = {
				ALWAYS_EMBED_SWIFT_STANDARD_LIBRARIES = YES;
				BUNDLE_LOADER = "$(TEST_HOST)";
				CODE_SIGN_STYLE = Automatic;
				CURRENT_PROJECT_VERSION = 1;
				GENERATE_INFOPLIST_FILE = YES;
				IPHONEOS_DEPLOYMENT_TARGET = 16.0;
				MARKETING_VERSION = 1.0;
				PRODUCT_BUNDLE_IDENTIFIER = "com.ashfaq.Blood-Pressure-RecorderTests";
				PRODUCT_NAME = "$(TARGET_NAME)";
				SWIFT_EMIT_LOC_STRINGS = NO;
				SWIFT_VERSION = 5.0;
				TARGETED_DEVICE_FAMILY = "1,2";
				TEST_HOST = "$(BUILT_PRODUCTS_DIR)/Blood Pressure Recorder.app/$(BUNDLE_EXECUTABLE_FOLDER_PATH)/Blood Pressure Recorder";
			};
			name = Debug;
		};
		FCAF53DF28DCF08F00DEB306 /* Release */ = {
			isa = XCBuildConfiguration;
			buildSettings = {
				ALWAYS_EMBED_SWIFT_STANDARD_LIBRARIES = YES;
				BUNDLE_LOADER = "$(TEST_HOST)";
				CODE_SIGN_STYLE = Automatic;
				CURRENT_PROJECT_VERSION = 1;
				GENERATE_INFOPLIST_FILE = YES;
				IPHONEOS_DEPLOYMENT_TARGET = 16.0;
				MARKETING_VERSION = 1.0;
				PRODUCT_BUNDLE_IDENTIFIER = "com.ashfaq.Blood-Pressure-RecorderTests";
				PRODUCT_NAME = "$(TARGET_NAME)";
				SWIFT_EMIT_LOC_STRINGS = NO;
				SWIFT_VERSION = 5.0;
				TARGETED_DEVICE_FAMILY = "1,2";
				TEST_HOST = "$(BUILT_PRODUCTS_DIR)/Blood Pressure Recorder.app/$(BUNDLE_EXECUTABLE_FOLDER_PATH)/Blood Pressure Recorder";
			};
			name = Release;
		};
		FCAF53E128DCF08F00DEB306 /* Debug */ = {
			isa = XCBuildConfiguration;
			buildSettings = {
				ALWAYS_EMBED_SWIFT_STANDARD_LIBRARIES = YES;
				CODE_SIGN_STYLE = Automatic;
				CURRENT_PROJECT_VERSION = 1;
				GENERATE_INFOPLIST_FILE = YES;
				MARKETING_VERSION = 1.0;
				PRODUCT_BUNDLE_IDENTIFIER = "com.ashfaq.Blood-Pressure-RecorderUITests";
				PRODUCT_NAME = "$(TARGET_NAME)";
				SWIFT_EMIT_LOC_STRINGS = NO;
				SWIFT_VERSION = 5.0;
				TARGETED_DEVICE_FAMILY = "1,2";
				TEST_TARGET_NAME = "Blood Pressure Recorder";
			};
			name = Debug;
		};
		FCAF53E228DCF08F00DEB306 /* Release */ = {
			isa = XCBuildConfiguration;
			buildSettings = {
				ALWAYS_EMBED_SWIFT_STANDARD_LIBRARIES = YES;
				CODE_SIGN_STYLE = Automatic;
				CURRENT_PROJECT_VERSION = 1;
				GENERATE_INFOPLIST_FILE = YES;
				MARKETING_VERSION = 1.0;
				PRODUCT_BUNDLE_IDENTIFIER = "com.ashfaq.Blood-Pressure-RecorderUITests";
				PRODUCT_NAME = "$(TARGET_NAME)";
				SWIFT_EMIT_LOC_STRINGS = NO;
				SWIFT_VERSION = 5.0;
				TARGETED_DEVICE_FAMILY = "1,2";
				TEST_TARGET_NAME = "Blood Pressure Recorder";
			};
			name = Release;
		};
/* End XCBuildConfiguration section */

/* Begin XCConfigurationList section */
		FCAF53B128DCF08D00DEB306 /* Build configuration list for PBXProject "Blood Pressure Recorder" */ = {
			isa = XCConfigurationList;
			buildConfigurations = (
				FCAF53D828DCF08F00DEB306 /* Debug */,
				FCAF53D928DCF08F00DEB306 /* Release */,
			);
			defaultConfigurationIsVisible = 0;
			defaultConfigurationName = Release;
		};
		FCAF53DA28DCF08F00DEB306 /* Build configuration list for PBXNativeTarget "Blood Pressure Recorder" */ = {
			isa = XCConfigurationList;
			buildConfigurations = (
				FCAF53DB28DCF08F00DEB306 /* Debug */,
				FCAF53DC28DCF08F00DEB306 /* Release */,
			);
			defaultConfigurationIsVisible = 0;
			defaultConfigurationName = Release;
		};
		FCAF53DD28DCF08F00DEB306 /* Build configuration list for PBXNativeTarget "Blood Pressure RecorderTests" */ = {
			isa = XCConfigurationList;
			buildConfigurations = (
				FCAF53DE28DCF08F00DEB306 /* Debug */,
				FCAF53DF28DCF08F00DEB306 /* Release */,
			);
			defaultConfigurationIsVisible = 0;
			defaultConfigurationName = Release;
		};
		FCAF53E028DCF08F00DEB306 /* Build configuration list for PBXNativeTarget "Blood Pressure RecorderUITests" */ = {
			isa = XCConfigurationList;
			buildConfigurations = (
				FCAF53E128DCF08F00DEB306 /* Debug */,
				FCAF53E228DCF08F00DEB306 /* Release */,
			);
			defaultConfigurationIsVisible = 0;
			defaultConfigurationName = Release;
		};
/* End XCConfigurationList section */
	};
	rootObject = FCAF53AE28DCF08D00DEB306 /* Project object */;
}
